
Microsoft Visual Studio Solution File, Format Version 12.00
# Visual Studio 15
VisualStudioVersion = 15.0.27130.2024
MinimumVisualStudioVersion = 10.0.40219.1
Project("{2150E333-8FDC-42A3-9474-1A3956D46DE8}") = ".environment", ".environment", "{C8778820-D105-4DC7-9FB1-D657B7E8D59B}"
	ProjectSection(SolutionItems) = preProject
		..\.secrets.cfg = ..\.secrets.cfg
		..\.gitignore = ..\.gitignore
		..\Directory.Packages.props = ..\Directory.Packages.props
		..\Directory.Build.props = ..\Directory.Build.props
		..\Directory.Build.targets = ..\Directory.Build.targets
		..\settings.cfg = ..\settings.cfg
		..\.env = ..\.env
		..\global.json = ..\global.json
		..\nuget.config = ..\nuget.config
		..\PublicAssembly.props = ..\PublicAssembly.props
	EndProjectSection
EndProject
Project("{2150E333-8FDC-42A3-9474-1A3956D46DE8}") = ".resources", ".resources", "{3937188F-DEE0-4F31-948C-D74D79E95BD4}"
	ProjectSection(SolutionItems) = preProject
		..\CHANGES.md = ..\CHANGES.md
		..\LICENSE = ..\LICENSE
		..\README.md = ..\README.md
		..\docker\docker-compose.yaml = ..\docker\docker-compose.yaml
		..\docker\default.dockerfile = ..\docker\default.dockerfile
		..\docker\envoy.yaml = ..\docker\envoy.yaml
		..\docker\.env = ..\docker\.env
	EndProjectSection
EndProject
Project("{FAE04EC0-301F-11D3-BF4B-00C04F79EFBC}") = "_build", "..\.nuke\build\_build.csproj", "{72D363EA-A909-45D6-974D-FCD8D1AFDE09}"
EndProject
Project("{FAE04EC0-301F-11D3-BF4B-00C04F79EFBC}") = "lazynats", "lazynats\lazynats.csproj", "{6FE53D3E-0D77-4655-A934-5F26965869B0}"
EndProject
Project("{FAE04EC0-301F-11D3-BF4B-00C04F79EFBC}") = "lazynats.Core", "lazynats.Core\lazynats.Core.csproj", "{D0BFD0CC-EF0F-4EB4-B7E5-9701E88DA0C7}"
EndProject
Project("{FAE04EC0-301F-11D3-BF4B-00C04F79EFBC}") = "lazynats.Core.Tests", "lazynats.Core.Tests\lazynats.Core.Tests.csproj", "{06242AC6-D2BF-4DE6-9501-51BA941A56C4}"
EndProject
Global
	GlobalSection(SolutionConfigurationPlatforms) = preSolution
		Debug|Any CPU = Debug|Any CPU
		Debug|x64 = Debug|x64
		Debug|x86 = Debug|x86
		Release|Any CPU = Release|Any CPU
		Release|x64 = Release|x64
		Release|x86 = Release|x86
	EndGlobalSection
	GlobalSection(ProjectConfigurationPlatforms) = postSolution
		{72D363EA-A909-45D6-974D-FCD8D1AFDE09}.Debug|Any CPU.ActiveCfg = Debug|Any CPU
		{72D363EA-A909-45D6-974D-FCD8D1AFDE09}.Debug|x64.ActiveCfg = Debug|Any CPU
		{72D363EA-A909-45D6-974D-FCD8D1AFDE09}.Debug|x64.Build.0 = Debug|Any CPU
		{72D363EA-A909-45D6-974D-FCD8D1AFDE09}.Debug|x86.ActiveCfg = Debug|Any CPU
		{72D363EA-A909-45D6-974D-FCD8D1AFDE09}.Debug|x86.Build.0 = Debug|Any CPU
		{72D363EA-A909-45D6-974D-FCD8D1AFDE09}.Release|Any CPU.ActiveCfg = Release|Any CPU
		{72D363EA-A909-45D6-974D-FCD8D1AFDE09}.Release|x64.ActiveCfg = Release|Any CPU
		{72D363EA-A909-45D6-974D-FCD8D1AFDE09}.Release|x64.Build.0 = Release|Any CPU
		{72D363EA-A909-45D6-974D-FCD8D1AFDE09}.Release|x86.ActiveCfg = Release|Any CPU
		{72D363EA-A909-45D6-974D-FCD8D1AFDE09}.Release|x86.Build.0 = Release|Any CPU
		{6FE53D3E-0D77-4655-A934-5F26965869B0}.Debug|Any CPU.ActiveCfg = Debug|Any CPU
		{6FE53D3E-0D77-4655-A934-5F26965869B0}.Debug|Any CPU.Build.0 = Debug|Any CPU
		{6FE53D3E-0D77-4655-A934-5F26965869B0}.Debug|x64.ActiveCfg = Debug|Any CPU
		{6FE53D3E-0D77-4655-A934-5F26965869B0}.Debug|x64.Build.0 = Debug|Any CPU
		{6FE53D3E-0D77-4655-A934-5F26965869B0}.Debug|x86.ActiveCfg = Debug|Any CPU
		{6FE53D3E-0D77-4655-A934-5F26965869B0}.Debug|x86.Build.0 = Debug|Any CPU
		{6FE53D3E-0D77-4655-A934-5F26965869B0}.Release|Any CPU.ActiveCfg = Release|Any CPU
		{6FE53D3E-0D77-4655-A934-5F26965869B0}.Release|Any CPU.Build.0 = Release|Any CPU
		{6FE53D3E-0D77-4655-A934-5F26965869B0}.Release|x64.ActiveCfg = Release|Any CPU
		{6FE53D3E-0D77-4655-A934-5F26965869B0}.Release|x64.Build.0 = Release|Any CPU
		{6FE53D3E-0D77-4655-A934-5F26965869B0}.Release|x86.ActiveCfg = Release|Any CPU
		{6FE53D3E-0D77-4655-A934-5F26965869B0}.Release|x86.Build.0 = Release|Any CPU
		{D0BFD0CC-EF0F-4EB4-B7E5-9701E88DA0C7}.Debug|Any CPU.ActiveCfg = Debug|Any CPU
		{D0BFD0CC-EF0F-4EB4-B7E5-9701E88DA0C7}.Debug|Any CPU.Build.0 = Debug|Any CPU
		{D0BFD0CC-EF0F-4EB4-B7E5-9701E88DA0C7}.Debug|x64.ActiveCfg = Debug|Any CPU
		{D0BFD0CC-EF0F-4EB4-B7E5-9701E88DA0C7}.Debug|x64.Build.0 = Debug|Any CPU
		{D0BFD0CC-EF0F-4EB4-B7E5-9701E88DA0C7}.Debug|x86.ActiveCfg = Debug|Any CPU
		{D0BFD0CC-EF0F-4EB4-B7E5-9701E88DA0C7}.Debug|x86.Build.0 = Debug|Any CPU
		{D0BFD0CC-EF0F-4EB4-B7E5-9701E88DA0C7}.Release|Any CPU.ActiveCfg = Release|Any CPU
		{D0BFD0CC-EF0F-4EB4-B7E5-9701E88DA0C7}.Release|Any CPU.Build.0 = Release|Any CPU
		{D0BFD0CC-EF0F-4EB4-B7E5-9701E88DA0C7}.Release|x64.ActiveCfg = Release|Any CPU
		{D0BFD0CC-EF0F-4EB4-B7E5-9701E88DA0C7}.Release|x64.Build.0 = Release|Any CPU
		{D0BFD0CC-EF0F-4EB4-B7E5-9701E88DA0C7}.Release|x86.ActiveCfg = Release|Any CPU
		{D0BFD0CC-EF0F-4EB4-B7E5-9701E88DA0C7}.Release|x86.Build.0 = Release|Any CPU
		{06242AC6-D2BF-4DE6-9501-51BA941A56C4}.Debug|Any CPU.ActiveCfg = Debug|Any CPU
		{06242AC6-D2BF-4DE6-9501-51BA941A56C4}.Debug|Any CPU.Build.0 = Debug|Any CPU
		{06242AC6-D2BF-4DE6-9501-51BA941A56C4}.Debug|x64.ActiveCfg = Debug|Any CPU
		{06242AC6-D2BF-4DE6-9501-51BA941A56C4}.Debug|x64.Build.0 = Debug|Any CPU
		{06242AC6-D2BF-4DE6-9501-51BA941A56C4}.Debug|x86.ActiveCfg = Debug|Any CPU
		{06242AC6-D2BF-4DE6-9501-51BA941A56C4}.Debug|x86.Build.0 = Debug|Any CPU
		{06242AC6-D2BF-4DE6-9501-51BA941A56C4}.Release|Any CPU.ActiveCfg = Release|Any CPU
		{06242AC6-D2BF-4DE6-9501-51BA941A56C4}.Release|Any CPU.Build.0 = Release|Any CPU
		{06242AC6-D2BF-4DE6-9501-51BA941A56C4}.Release|x64.ActiveCfg = Release|Any CPU
		{06242AC6-D2BF-4DE6-9501-51BA941A56C4}.Release|x64.Build.0 = Release|Any CPU
		{06242AC6-D2BF-4DE6-9501-51BA941A56C4}.Release|x86.ActiveCfg = Release|Any CPU
		{06242AC6-D2BF-4DE6-9501-51BA941A56C4}.Release|x86.Build.0 = Release|Any CPU
	EndGlobalSection
	GlobalSection(SolutionProperties) = preSolution
		HideSolutionNode = FALSE
	EndGlobalSection
	GlobalSection(ExtensibilityGlobals) = postSolution
		SolutionGuid = {CFB66EC0-881C-44BA-8B4F-452F8356BE0F}
	EndGlobalSection
EndGlobal
